
Microsoft Visual Studio Solution File, Format Version 12.00
# Visual Studio Version 17
VisualStudioVersion = 17.2.32427.441
MinimumVisualStudioVersion = 10.0.40219.1
Project("{9A19103F-16F7-4668-BE54-9A1E7A4F7556}") = "TrialBalanceWebApp", "TrialBalanceWebApp\TrialBalanceWebApp.csproj", "{594171C6-2655-445B-8029-DE3C1285ECDC}"
EndProject
Global
	GlobalSection(SolutionConfigurationPlatforms) = preSolution
		Debug|Any CPU = Debug|Any CPU
		Release|Any CPU = Release|Any CPU
	EndGlobalSection
	GlobalSection(ProjectConfigurationPlatforms) = postSolution
		{594171C6-2655-445B-8029-DE3C1285ECDC}.Debug|Any CPU.ActiveCfg = Debug|Any CPU
		{594171C6-2655-445B-8029-DE3C1285ECDC}.Debug|Any CPU.Build.0 = Debug|Any CPU
		{594171C6-2655-445B-8029-DE3C1285ECDC}.Release|Any CPU.ActiveCfg = Release|Any CPU
		{594171C6-2655-445B-8029-DE3C1285ECDC}.Release|Any CPU.Build.0 = Release|Any CPU
	EndGlobalSection
	GlobalSection(SolutionProperties) = preSolution
		HideSolutionNode = FALSE
	EndGlobalSection
	GlobalSection(ExtensibilityGlobals) = postSolution
		SolutionGuid = {A1420A6F-6016-4696-B436-B2F8B2BE3A3E}
	EndGlobalSection
EndGlobal
